
Microsoft Visual Studio Solution File, Format Version 12.00
Project("{FAE04EC0-301F-11D3-BF4B-00C04F79EFBC}") = "QuizBot.App", "QuizBot.App\QuizBot.App.csproj", "{3CD46F4B-E75B-48EA-B821-536B6654F58F}"
EndProject
Project("{FAE04EC0-301F-11D3-BF4B-00C04F79EFBC}") = "QuizBot.BLL.Contracts", "QuizBot.BLL.Contracts\QuizBot.BLL.Contracts.csproj", "{38755504-4982-47DE-8BAE-461E856E3502}"
EndProject
Project("{FAE04EC0-301F-11D3-BF4B-00C04F79EFBC}") = "QuizBot.BLL.Core", "QuizBot.BLL.Core\QuizBot.BLL.Core.csproj", "{3F4F3D90-FE27-480F-9FD9-2AC31A583405}"
EndProject
Project("{FAE04EC0-301F-11D3-BF4B-00C04F79EFBC}") = "QuizBot.DAL.EF", "QuizBot.DAL.EF\QuizBot.DAL.EF.csproj", "{CF21214D-B0EF-4C29-AE39-3B841D87CDA6}"
EndProject
Project("{FAE04EC0-301F-11D3-BF4B-00C04F79EFBC}") = "QuizBot.DAL.Contracts", "QuizBot.DAL.Contracts\QuizBot.DAL.Contracts.csproj", "{FC508EF0-F558-4DD1-BCB2-3FA6D132ABA6}"
EndProject
Project("{FAE04EC0-301F-11D3-BF4B-00C04F79EFBC}") = "QuizBot.Entities", "QuizBot.Entities\QuizBot.Entities.csproj", "{FA31ED96-545D-4B2D-A64F-6557E59E6F0A}"
EndProject
Project("{2150E333-8FDC-42A3-9474-1A3956D46DE8}") = "BLL", "BLL", "{1AEB206C-2F20-4D27-ADCA-B865FE05DDBD}"
EndProject
Project("{2150E333-8FDC-42A3-9474-1A3956D46DE8}") = "DAL", "DAL", "{2781F4D1-0BFF-468D-951F-41908743EE64}"
EndProject
Global
	GlobalSection(SolutionConfigurationPlatforms) = preSolution
		Debug|Any CPU = Debug|Any CPU
		Release|Any CPU = Release|Any CPU
	EndGlobalSection
	GlobalSection(ProjectConfigurationPlatforms) = postSolution
		{3CD46F4B-E75B-48EA-B821-536B6654F58F}.Debug|Any CPU.ActiveCfg = Debug|Any CPU
		{3CD46F4B-E75B-48EA-B821-536B6654F58F}.Debug|Any CPU.Build.0 = Debug|Any CPU
		{3CD46F4B-E75B-48EA-B821-536B6654F58F}.Release|Any CPU.ActiveCfg = Release|Any CPU
		{3CD46F4B-E75B-48EA-B821-536B6654F58F}.Release|Any CPU.Build.0 = Release|Any CPU
		{38755504-4982-47DE-8BAE-461E856E3502}.Debug|Any CPU.ActiveCfg = Debug|Any CPU
		{38755504-4982-47DE-8BAE-461E856E3502}.Debug|Any CPU.Build.0 = Debug|Any CPU
		{38755504-4982-47DE-8BAE-461E856E3502}.Release|Any CPU.ActiveCfg = Release|Any CPU
		{38755504-4982-47DE-8BAE-461E856E3502}.Release|Any CPU.Build.0 = Release|Any CPU
		{3F4F3D90-FE27-480F-9FD9-2AC31A583405}.Debug|Any CPU.ActiveCfg = Debug|Any CPU
		{3F4F3D90-FE27-480F-9FD9-2AC31A583405}.Debug|Any CPU.Build.0 = Debug|Any CPU
		{3F4F3D90-FE27-480F-9FD9-2AC31A583405}.Release|Any CPU.ActiveCfg = Release|Any CPU
		{3F4F3D90-FE27-480F-9FD9-2AC31A583405}.Release|Any CPU.Build.0 = Release|Any CPU
		{CF21214D-B0EF-4C29-AE39-3B841D87CDA6}.Debug|Any CPU.ActiveCfg = Debug|Any CPU
		{CF21214D-B0EF-4C29-AE39-3B841D87CDA6}.Debug|Any CPU.Build.0 = Debug|Any CPU
		{CF21214D-B0EF-4C29-AE39-3B841D87CDA6}.Release|Any CPU.ActiveCfg = Release|Any CPU
		{CF21214D-B0EF-4C29-AE39-3B841D87CDA6}.Release|Any CPU.Build.0 = Release|Any CPU
		{FC508EF0-F558-4DD1-BCB2-3FA6D132ABA6}.Debug|Any CPU.ActiveCfg = Debug|Any CPU
		{FC508EF0-F558-4DD1-BCB2-3FA6D132ABA6}.Debug|Any CPU.Build.0 = Debug|Any CPU
		{FC508EF0-F558-4DD1-BCB2-3FA6D132ABA6}.Release|Any CPU.ActiveCfg = Release|Any CPU
		{FC508EF0-F558-4DD1-BCB2-3FA6D132ABA6}.Release|Any CPU.Build.0 = Release|Any CPU
		{FA31ED96-545D-4B2D-A64F-6557E59E6F0A}.Debug|Any CPU.ActiveCfg = Debug|Any CPU
		{FA31ED96-545D-4B2D-A64F-6557E59E6F0A}.Debug|Any CPU.Build.0 = Debug|Any CPU
		{FA31ED96-545D-4B2D-A64F-6557E59E6F0A}.Release|Any CPU.ActiveCfg = Release|Any CPU
		{FA31ED96-545D-4B2D-A64F-6557E59E6F0A}.Release|Any CPU.Build.0 = Release|Any CPU
	EndGlobalSection
	GlobalSection(NestedProjects) = preSolution
		{38755504-4982-47DE-8BAE-461E856E3502} = {1AEB206C-2F20-4D27-ADCA-B865FE05DDBD}
		{3F4F3D90-FE27-480F-9FD9-2AC31A583405} = {1AEB206C-2F20-4D27-ADCA-B865FE05DDBD}
		{FC508EF0-F558-4DD1-BCB2-3FA6D132ABA6} = {2781F4D1-0BFF-468D-951F-41908743EE64}
		{CF21214D-B0EF-4C29-AE39-3B841D87CDA6} = {2781F4D1-0BFF-468D-951F-41908743EE64}
	EndGlobalSection
EndGlobal
